
Microsoft Visual Studio Solution File, Format Version 12.00
# Visual Studio Version 17
VisualStudioVersion = 17.0.31903.59
MinimumVisualStudioVersion = 10.0.40219.1
Project("{2150E333-8FDC-42A3-9474-1A3956D46DE8}") = "src", "src", "{827E0CD3-B72D-47B6-A68D-7590B98EB39B}"
EndProject
Project("{FAE04EC0-301F-11D3-BF4B-00C04F79EFBC}") = "PhysicsEngine", "src\PhysicsEngine\PhysicsEngine.csproj", "{ADF52493-4A8E-4070-A40B-883004982307}"
EndProject
Project("{FAE04EC0-301F-11D3-BF4B-00C04F79EFBC}") = "PhysicsEngine.Tests", "tests\PhysicsEngine.Tests\PhysicsEngine.Tests.csproj", "{5C3A38B2-C8C3-4F99-A896-50D01C85237A}"
EndProject
Project("{FAE04EC0-301F-11D3-BF4B-00C04F79EFBC}") = "PhysicsEngine.Demo", "demo\PhysicsEngine.Demo\PhysicsEngine.Demo.csproj", "{82296BC6-4EB7-4F3A-B03C-A57EF265FD37}"
EndProject
Global
	GlobalSection(SolutionConfigurationPlatforms) = preSolution
		Debug|Any CPU = Debug|Any CPU
		Debug|x64 = Debug|x64
		Debug|x86 = Debug|x86
		Release|Any CPU = Release|Any CPU
		Release|x64 = Release|x64
		Release|x86 = Release|x86
	EndGlobalSection
	GlobalSection(ProjectConfigurationPlatforms) = postSolution
		{ADF52493-4A8E-4070-A40B-883004982307}.Debug|Any CPU.ActiveCfg = Debug|Any CPU
		{ADF52493-4A8E-4070-A40B-883004982307}.Debug|Any CPU.Build.0 = Debug|Any CPU
		{ADF52493-4A8E-4070-A40B-883004982307}.Debug|x64.ActiveCfg = Debug|Any CPU
		{ADF52493-4A8E-4070-A40B-883004982307}.Debug|x64.Build.0 = Debug|Any CPU
		{ADF52493-4A8E-4070-A40B-883004982307}.Debug|x86.ActiveCfg = Debug|Any CPU
		{ADF52493-4A8E-4070-A40B-883004982307}.Debug|x86.Build.0 = Debug|Any CPU
		{ADF52493-4A8E-4070-A40B-883004982307}.Release|Any CPU.ActiveCfg = Release|Any CPU
		{ADF52493-4A8E-4070-A40B-883004982307}.Release|Any CPU.Build.0 = Release|Any CPU
		{ADF52493-4A8E-4070-A40B-883004982307}.Release|x64.ActiveCfg = Release|Any CPU
		{ADF52493-4A8E-4070-A40B-883004982307}.Release|x64.Build.0 = Release|Any CPU
		{ADF52493-4A8E-4070-A40B-883004982307}.Release|x86.ActiveCfg = Release|Any CPU
		{ADF52493-4A8E-4070-A40B-883004982307}.Release|x86.Build.0 = Release|Any CPU
		{5C3A38B2-C8C3-4F99-A896-50D01C85237A}.Debug|Any CPU.ActiveCfg = Debug|Any CPU
		{5C3A38B2-C8C3-4F99-A896-50D01C85237A}.Debug|Any CPU.Build.0 = Debug|Any CPU
		{5C3A38B2-C8C3-4F99-A896-50D01C85237A}.Debug|x64.ActiveCfg = Debug|Any CPU
		{5C3A38B2-C8C3-4F99-A896-50D01C85237A}.Debug|x64.Build.0 = Debug|Any CPU
		{5C3A38B2-C8C3-4F99-A896-50D01C85237A}.Debug|x86.ActiveCfg = Debug|Any CPU
		{5C3A38B2-C8C3-4F99-A896-50D01C85237A}.Debug|x86.Build.0 = Debug|Any CPU
		{5C3A38B2-C8C3-4F99-A896-50D01C85237A}.Release|Any CPU.ActiveCfg = Release|Any CPU
		{5C3A38B2-C8C3-4F99-A896-50D01C85237A}.Release|Any CPU.Build.0 = Release|Any CPU
		{5C3A38B2-C8C3-4F99-A896-50D01C85237A}.Release|x64.ActiveCfg = Release|Any CPU
		{5C3A38B2-C8C3-4F99-A896-50D01C85237A}.Release|x64.Build.0 = Release|Any CPU
		{5C3A38B2-C8C3-4F99-A896-50D01C85237A}.Release|x86.ActiveCfg = Release|Any CPU
		{5C3A38B2-C8C3-4F99-A896-50D01C85237A}.Release|x86.Build.0 = Release|Any CPU
		{82296BC6-4EB7-4F3A-B03C-A57EF265FD37}.Debug|Any CPU.ActiveCfg = Debug|Any CPU
		{82296BC6-4EB7-4F3A-B03C-A57EF265FD37}.Debug|Any CPU.Build.0 = Debug|Any CPU
		{82296BC6-4EB7-4F3A-B03C-A57EF265FD37}.Debug|x64.ActiveCfg = Debug|Any CPU
		{82296BC6-4EB7-4F3A-B03C-A57EF265FD37}.Debug|x64.Build.0 = Debug|Any CPU
		{82296BC6-4EB7-4F3A-B03C-A57EF265FD37}.Debug|x86.ActiveCfg = Debug|Any CPU
		{82296BC6-4EB7-4F3A-B03C-A57EF265FD37}.Debug|x86.Build.0 = Debug|Any CPU
		{82296BC6-4EB7-4F3A-B03C-A57EF265FD37}.Release|Any CPU.ActiveCfg = Release|Any CPU
		{82296BC6-4EB7-4F3A-B03C-A57EF265FD37}.Release|Any CPU.Build.0 = Release|Any CPU
		{82296BC6-4EB7-4F3A-B03C-A57EF265FD37}.Release|x64.ActiveCfg = Release|Any CPU
		{82296BC6-4EB7-4F3A-B03C-A57EF265FD37}.Release|x64.Build.0 = Release|Any CPU
		{82296BC6-4EB7-4F3A-B03C-A57EF265FD37}.Release|x86.ActiveCfg = Release|Any CPU
		{82296BC6-4EB7-4F3A-B03C-A57EF265FD37}.Release|x86.Build.0 = Release|Any CPU
	EndGlobalSection
	GlobalSection(SolutionProperties) = preSolution
		HideSolutionNode = FALSE
	EndGlobalSection
	GlobalSection(NestedProjects) = preSolution
		{ADF52493-4A8E-4070-A40B-883004982307} = {827E0CD3-B72D-47B6-A68D-7590B98EB39B}
		{5C3A38B2-C8C3-4F99-A896-50D01C85237A} = {827E0CD3-B72D-47B6-A68D-7590B98EB39B}
		{82296BC6-4EB7-4F3A-B03C-A57EF265FD37} = {827E0CD3-B72D-47B6-A68D-7590B98EB39B}
	EndGlobalSection
EndGlobal
